// !$*UTF8*$!
{
	archiveVersion = 1;
	classes = {
	};
	objectVersion = 50;
	objects = {

/* Begin PBXBuildFile section */
		8D0F3DE5268F621B006E16EA /* AppDelegate.swift in Sources */ = {isa = PBXBuildFile; fileRef = 8D0F3DE4268F621B006E16EA /* AppDelegate.swift */; };
		8D0F3DE7268F621B006E16EA /* SceneDelegate.swift in Sources */ = {isa = PBXBuildFile; fileRef = 8D0F3DE6268F621B006E16EA /* SceneDelegate.swift */; };
		8D0F3DE9268F621B006E16EA /* HomeViewController.swift in Sources */ = {isa = PBXBuildFile; fileRef = 8D0F3DE8268F621B006E16EA /* HomeViewController.swift */; };
		8D0F3DEE268F6221006E16EA /* Assets.xcassets in Resources */ = {isa = PBXBuildFile; fileRef = 8D0F3DED268F6221006E16EA /* Assets.xcassets */; };
		8D0F3DF1268F6221006E16EA /* LaunchScreen.storyboard in Resources */ = {isa = PBXBuildFile; fileRef = 8D0F3DEF268F6221006E16EA /* LaunchScreen.storyboard */; };
		8D0F3DFB268F65AC006E16EA /* EntryViewController.swift in Sources */ = {isa = PBXBuildFile; fileRef = 8D0F3DFA268F65AC006E16EA /* EntryViewController.swift */; };
		8D25487E26A24BB900B90B87 /* CoreDataManager.swift in Sources */ = {isa = PBXBuildFile; fileRef = 8D25487D26A24BB900B90B87 /* CoreDataManager.swift */; };
		8D25488026A24CD500B90B87 /* HomeViewModel.swift in Sources */ = {isa = PBXBuildFile; fileRef = 8D25487F26A24CD500B90B87 /* HomeViewModel.swift */; };
		8D95C63A26A1E65A00E191DF /* Note.xcdatamodeld in Sources */ = {isa = PBXBuildFile; fileRef = 8D95C63826A1E65A00E191DF /* Note.xcdatamodeld */; };
/* End PBXBuildFile section */

/* Begin PBXFileReference section */
		8D0F3DE1268F621B006E16EA /* NotesApp.app */ = {isa = PBXFileReference; explicitFileType = wrapper.application; includeInIndex = 0; path = NotesApp.app; sourceTree = BUILT_PRODUCTS_DIR; };
		8D0F3DE4268F621B006E16EA /* AppDelegate.swift */ = {isa = PBXFileReference; lastKnownFileType = sourcecode.swift; path = AppDelegate.swift; sourceTree = "<group>"; };
		8D0F3DE6268F621B006E16EA /* SceneDelegate.swift */ = {isa = PBXFileReference; lastKnownFileType = sourcecode.swift; path = SceneDelegate.swift; sourceTree = "<group>"; };
		8D0F3DE8268F621B006E16EA /* HomeViewController.swift */ = {isa = PBXFileReference; lastKnownFileType = sourcecode.swift; path = HomeViewController.swift; sourceTree = "<group>"; };
		8D0F3DED268F6221006E16EA /* Assets.xcassets */ = {isa = PBXFileReference; lastKnownFileType = folder.assetcatalog; path = Assets.xcassets; sourceTree = "<group>"; };
		8D0F3DF0268F6221006E16EA /* Base */ = {isa = PBXFileReference; lastKnownFileType = file.storyboard; name = Base; path = Base.lproj/LaunchScreen.storyboard; sourceTree = "<group>"; };
		8D0F3DF2268F6221006E16EA /* Info.plist */ = {isa = PBXFileReference; lastKnownFileType = text.plist.xml; path = Info.plist; sourceTree = "<group>"; };
		8D0F3DFA268F65AC006E16EA /* EntryViewController.swift */ = {isa = PBXFileReference; lastKnownFileType = sourcecode.swift; path = EntryViewController.swift; sourceTree = "<group>"; };
		8D25487D26A24BB900B90B87 /* CoreDataManager.swift */ = {isa = PBXFileReference; lastKnownFileType = sourcecode.swift; path = CoreDataManager.swift; sourceTree = "<group>"; };
		8D25487F26A24CD500B90B87 /* HomeViewModel.swift */ = {isa = PBXFileReference; lastKnownFileType = sourcecode.swift; path = HomeViewModel.swift; sourceTree = "<group>"; };
		8D95C63926A1E65A00E191DF /* Notes.xcdatamodel */ = {isa = PBXFileReference; lastKnownFileType = wrapper.xcdatamodel; path = Notes.xcdatamodel; sourceTree = "<group>"; };
/* End PBXFileReference section */

/* Begin PBXFrameworksBuildPhase section */
		8D0F3DDE268F621B006E16EA /* Frameworks */ = {
			isa = PBXFrameworksBuildPhase;
			buildActionMask = 2147483647;
			files = (
			);
			runOnlyForDeploymentPostprocessing = 0;
		};
/* End PBXFrameworksBuildPhase section */

/* Begin PBXGroup section */
		8D0F3DD8268F621B006E16EA = {
			isa = PBXGroup;
			children = (
				8D0F3DE3268F621B006E16EA /* NotesApp */,
				8D0F3DE2268F621B006E16EA /* Products */,
			);
			sourceTree = "<group>";
		};
		8D0F3DE2268F621B006E16EA /* Products */ = {
			isa = PBXGroup;
			children = (
				8D0F3DE1268F621B006E16EA /* NotesApp.app */,
			);
			name = Products;
			sourceTree = "<group>";
		};
		8D0F3DE3268F621B006E16EA /* NotesApp */ = {
			isa = PBXGroup;
			children = (
				8DA93E0B26A0654A0052C697 /* Models */,
				8DA93E0D26A0658E0052C697 /* Controllers */,
				8DA93E0C26A065710052C697 /* Supporting Files */,
				8D0F3DF2268F6221006E16EA /* Info.plist */,
			);
			path = NotesApp;
			sourceTree = "<group>";
		};
		8DA02C4C26CEA74000487478 /* Home */ = {
			isa = PBXGroup;
			children = (
				8D0F3DE8268F621B006E16EA /* HomeViewController.swift */,
				8D25487F26A24CD500B90B87 /* HomeViewModel.swift */,
			);
			path = Home;
			sourceTree = "<group>";
		};
		8DA93E0B26A0654A0052C697 /* Models */ = {
			isa = PBXGroup;
			children = (
				8D95C63826A1E65A00E191DF /* Note.xcdatamodeld */,
				8D25487D26A24BB900B90B87 /* CoreDataManager.swift */,
			);
			path = Models;
			sourceTree = "<group>";
		};
		8DA93E0C26A065710052C697 /* Supporting Files */ = {
			isa = PBXGroup;
			children = (
				8D0F3DE4268F621B006E16EA /* AppDelegate.swift */,
				8D0F3DE6268F621B006E16EA /* SceneDelegate.swift */,
				8D0F3DED268F6221006E16EA /* Assets.xcassets */,
				8D0F3DEF268F6221006E16EA /* LaunchScreen.storyboard */,
			);
			path = "Supporting Files";
			sourceTree = "<group>";
		};
		8DA93E0D26A0658E0052C697 /* Controllers */ = {
			isa = PBXGroup;
			children = (
				8DA02C4C26CEA74000487478 /* Home */,
				8D0F3DFA268F65AC006E16EA /* EntryViewController.swift */,
			);
			path = Controllers;
			sourceTree = "<group>";
		};
/* End PBXGroup section */

/* Begin PBXNativeTarget section */
		8D0F3DE0268F621B006E16EA /* NotesApp */ = {
			isa = PBXNativeTarget;
			buildConfigurationList = 8D0F3DF5268F6221006E16EA /* Build configuration list for PBXNativeTarget "NotesApp" */;
			buildPhases = (
				8D0F3DDD268F621B006E16EA /* Sources */,
				8D0F3DDE268F621B006E16EA /* Frameworks */,
				8D0F3DDF268F621B006E16EA /* Resources */,
			);
			buildRules = (
			);
			dependencies = (
			);
			name = NotesApp;
			productName = NotesApp;
			productReference = 8D0F3DE1268F621B006E16EA /* NotesApp.app */;
			productType = "com.apple.product-type.application";
		};
/* End PBXNativeTarget section */

/* Begin PBXProject section */
		8D0F3DD9268F621B006E16EA /* Project object */ = {
			isa = PBXProject;
			attributes = {
				LastSwiftUpdateCheck = 1250;
				LastUpgradeCheck = 1250;
				TargetAttributes = {
					8D0F3DE0268F621B006E16EA = {
						CreatedOnToolsVersion = 12.5.1;
					};
				};
			};
			buildConfigurationList = 8D0F3DDC268F621B006E16EA /* Build configuration list for PBXProject "NotesApp" */;
			compatibilityVersion = "Xcode 9.3";
			developmentRegion = en;
			hasScannedForEncodings = 0;
			knownRegions = (
				en,
				Base,
			);
			mainGroup = 8D0F3DD8268F621B006E16EA;
			productRefGroup = 8D0F3DE2268F621B006E16EA /* Products */;
			projectDirPath = "";
			projectRoot = "";
			targets = (
				8D0F3DE0268F621B006E16EA /* NotesApp */,
			);
		};
/* End PBXProject section */

/* Begin PBXResourcesBuildPhase section */
		8D0F3DDF268F621B006E16EA /* Resources */ = {
			isa = PBXResourcesBuildPhase;
			buildActionMask = 2147483647;
			files = (
				8D0F3DF1268F6221006E16EA /* LaunchScreen.storyboard in Resources */,
				8D0F3DEE268F6221006E16EA /* Assets.xcassets in Resources */,
			);
			runOnlyForDeploymentPostprocessing = 0;
		};
/* End PBXResourcesBuildPhase section */

/* Begin PBXSourcesBuildPhase section */
		8D0F3DDD268F621B006E16EA /* Sources */ = {
			isa = PBXSourcesBuildPhase;
			buildActionMask = 2147483647;
			files = (
				8D0F3DFB268F65AC006E16EA /* EntryViewController.swift in Sources */,
				8D0F3DE9268F621B006E16EA /* HomeViewController.swift in Sources */,
				8D25488026A24CD500B90B87 /* HomeViewModel.swift in Sources */,
				8D95C63A26A1E65A00E191DF /* Note.xcdatamodeld in Sources */,
				8D0F3DE5268F621B006E16EA /* AppDelegate.swift in Sources */,
				8D25487E26A24BB900B90B87 /* CoreDataManager.swift in Sources */,
				8D0F3DE7268F621B006E16EA /* SceneDelegate.swift in Sources */,
			);
			runOnlyForDeploymentPostprocessing = 0;
		};
/* End PBXSourcesBuildPhase section */

/* Begin PBXVariantGroup section */
		8D0F3DEF268F6221006E16EA /* LaunchScreen.storyboard */ = {
			isa = PBXVariantGroup;
			children = (
				8D0F3DF0268F6221006E16EA /* Base */,
			);
			name = LaunchScreen.storyboard;
			sourceTree = "<group>";
		};
/* End PBXVariantGroup section */

/* Begin XCBuildConfiguration section */
		8D0F3DF3268F6221006E16EA /* Debug */ = {
			isa = XCBuildConfiguration;
			buildSettings = {
				ALWAYS_SEARCH_USER_PATHS = NO;
				CLANG_ANALYZER_NONNULL = YES;
				CLANG_ANALYZER_NUMBER_OBJECT_CONVERSION = YES_AGGRESSIVE;
				CLANG_CXX_LANGUAGE_STANDARD = "gnu++14";
				CLANG_CXX_LIBRARY = "libc++";
				CLANG_ENABLE_MODULES = YES;
				CLANG_ENABLE_OBJC_ARC = YES;
				CLANG_ENABLE_OBJC_WEAK = YES;
				CLANG_WARN_BLOCK_CAPTURE_AUTORELEASING = YES;
				CLANG_WARN_BOOL_CONVERSION = YES;
				CLANG_WARN_COMMA = YES;
				CLANG_WARN_CONSTANT_CONVERSION = YES;
				CLANG_WARN_DEPRECATED_OBJC_IMPLEMENTATIONS = YES;
				CLANG_WARN_DIRECT_OBJC_ISA_USAGE = YES_ERROR;
				CLANG_WARN_DOCUMENTATION_COMMENTS = YES;
				CLANG_WARN_EMPTY_BODY = YES;
				CLANG_WARN_ENUM_CONVERSION = YES;
				CLANG_WARN_INFINITE_RECURSION = YES;
				CLANG_WARN_INT_CONVERSION = YES;
				CLANG_WARN_NON_LITERAL_NULL_CONVERSION = YES;
				CLANG_WARN_OBJC_IMPLICIT_RETAIN_SELF = YES;
				CLANG_WARN_OBJC_LITERAL_CONVERSION = YES;
				CLANG_WARN_OBJC_ROOT_CLASS = YES_ERROR;
				CLANG_WARN_QUOTED_INCLUDE_IN_FRAMEWORK_HEADER = YES;
				CLANG_WARN_RANGE_LOOP_ANALYSIS = YES;
				CLANG_WARN_STRICT_PROTOTYPES = YES;
				CLANG_WARN_SUSPICIOUS_MOVE = YES;
				CLANG_WARN_UNGUARDED_AVAILABILITY = YES_AGGRESSIVE;
				CLANG_WARN_UNREACHABLE_CODE = YES;
				CLANG_WARN__DUPLICATE_METHOD_MATCH = YES;
				COPY_PHASE_STRIP = NO;
				DEBUG_INFORMATION_FORMAT = dwarf;
				ENABLE_STRICT_OBJC_MSGSEND = YES;
				ENABLE_TESTABILITY = YES;
				GCC_C_LANGUAGE_STANDARD = gnu11;
				GCC_DYNAMIC_NO_PIC = NO;
				GCC_NO_COMMON_BLOCKS = YES;
				GCC_OPTIMIZATION_LEVEL = 0;
				GCC_PREPROCESSOR_DEFINITIONS = (
					"DEBUG=1",
					"$(inherited)",
				);
				GCC_WARN_64_TO_32_BIT_CONVERSION = YES;
				GCC_WARN_ABOUT_RETURN_TYPE = YES_ERROR;
				GCC_WARN_UNDECLARED_SELECTOR = YES;
				GCC_WARN_UNINITIALIZED_AUTOS = YES_AGGRESSIVE;
				GCC_WARN_UNUSED_FUNCTION = YES;
				GCC_WARN_UNUSED_VARIABLE = YES;
				IPHONEOS_DEPLOYMENT_TARGET = 14.5;
				MTL_ENABLE_DEBUG_INFO = INCLUDE_SOURCE;
				MTL_FAST_MATH = YES;
				ONLY_ACTIVE_ARCH = YES;
				SDKROOT = iphoneos;
				SWIFT_ACTIVE_COMPILATION_CONDITIONS = DEBUG;
				SWIFT_OPTIMIZATION_LEVEL = "-Onone";
			};
			name = Debug;
		};
		8D0F3DF4268F6221006E16EA /* Release */ = {
			isa = XCBuildConfiguration;
			buildSettings = {
				ALWAYS_SEARCH_USER_PATHS = NO;
				CLANG_ANALYZER_NONNULL = YES;
				CLANG_ANALYZER_NUMBER_OBJECT_CONVERSION = YES_AGGRESSIVE;
				CLANG_CXX_LANGUAGE_STANDARD = "gnu++14";
				CLANG_CXX_LIBRARY = "libc++";
				CLANG_ENABLE_MODULES = YES;
				CLANG_ENABLE_OBJC_ARC = YES;
				CLANG_ENABLE_OBJC_WEAK = YES;
				CLANG_WARN_BLOCK_CAPTURE_AUTORELEASING = YES;
				CLANG_WARN_BOOL_CONVERSION = YES;
				CLANG_WARN_COMMA = YES;
				CLANG_WARN_CONSTANT_CONVERSION = YES;
				CLANG_WARN_DEPRECATED_OBJC_IMPLEMENTATIONS = YES;
				CLANG_WARN_DIRECT_OBJC_ISA_USAGE = YES_ERROR;
				CLANG_WARN_DOCUMENTATION_COMMENTS = YES;
				CLANG_WARN_EMPTY_BODY = YES;
				CLANG_WARN_ENUM_CONVERSION = YES;
				CLANG_WARN_INFINITE_RECURSION = YES;
				CLANG_WARN_INT_CONVERSION = YES;
				CLANG_WARN_NON_LITERAL_NULL_CONVERSION = YES;
				CLANG_WARN_OBJC_IMPLICIT_RETAIN_SELF = YES;
				CLANG_WARN_OBJC_LITERAL_CONVERSION = YES;
				CLANG_WARN_OBJC_ROOT_CLASS = YES_ERROR;
				CLANG_WARN_QUOTED_INCLUDE_IN_FRAMEWORK_HEADER = YES;
				CLANG_WARN_RANGE_LOOP_ANALYSIS = YES;
				CLANG_WARN_STRICT_PROTOTYPES = YES;
				CLANG_WARN_SUSPICIOUS_MOVE = YES;
				CLANG_WARN_UNGUARDED_AVAILABILITY = YES_AGGRESSIVE;
				CLANG_WARN_UNREACHABLE_CODE = YES;
				CLANG_WARN__DUPLICATE_METHOD_MATCH = YES;
				COPY_PHASE_STRIP = NO;
				DEBUG_INFORMATION_FORMAT = "dwarf-with-dsym";
				ENABLE_NS_ASSERTIONS = NO;
				ENABLE_STRICT_OBJC_MSGSEND = YES;
				GCC_C_LANGUAGE_STANDARD = gnu11;
				GCC_NO_COMMON_BLOCKS = YES;
				GCC_WARN_64_TO_32_BIT_CONVERSION = YES;
				GCC_WARN_ABOUT_RETURN_TYPE = YES_ERROR;
				GCC_WARN_UNDECLARED_SELECTOR = YES;
				GCC_WARN_UNINITIALIZED_AUTOS = YES_AGGRESSIVE;
				GCC_WARN_UNUSED_FUNCTION = YES;
				GCC_WARN_UNUSED_VARIABLE = YES;
				IPHONEOS_DEPLOYMENT_TARGET = 14.5;
				MTL_ENABLE_DEBUG_INFO = NO;
				MTL_FAST_MATH = YES;
				SDKROOT = iphoneos;
				SWIFT_COMPILATION_MODE = wholemodule;
				SWIFT_OPTIMIZATION_LEVEL = "-O";
				VALIDATE_PRODUCT = YES;
			};
			name = Release;
		};
		8D0F3DF6268F6221006E16EA /* Debug */ = {
			isa = XCBuildConfiguration;
			buildSettings = {
				ASSETCATALOG_COMPILER_APPICON_NAME = AppIcon;
				ASSETCATALOG_COMPILER_GLOBAL_ACCENT_COLOR_NAME = AccentColor;
				CODE_SIGN_STYLE = Automatic;
				INFOPLIST_FILE = NotesApp/Info.plist;
				LD_RUNPATH_SEARCH_PATHS = (
					"$(inherited)",
					"@executable_path/Frameworks",
				);
				PRODUCT_BUNDLE_IDENTIFIER = evgeniikolgin.com.NotesApp;
				PRODUCT_NAME = "$(TARGET_NAME)";
				SWIFT_VERSION = 5.0;
				TARGETED_DEVICE_FAMILY = "1,2";
			};
			name = Debug;
		};
		8D0F3DF7268F6221006E16EA /* Release */ = {
			isa = XCBuildConfiguration;
			buildSettings = {
				ASSETCATALOG_COMPILER_APPICON_NAME = AppIcon;
				ASSETCATALOG_COMPILER_GLOBAL_ACCENT_COLOR_NAME = AccentColor;
				CODE_SIGN_STYLE = Automatic;
				INFOPLIST_FILE = NotesApp/Info.plist;
				LD_RUNPATH_SEARCH_PATHS = (
					"$(inherited)",
					"@executable_path/Frameworks",
				);
				PRODUCT_BUNDLE_IDENTIFIER = evgeniikolgin.com.NotesApp;
				PRODUCT_NAME = "$(TARGET_NAME)";
				SWIFT_VERSION = 5.0;
				TARGETED_DEVICE_FAMILY = "1,2";
			};
			name = Release;
		};
/* End XCBuildConfiguration section */

/* Begin XCConfigurationList section */
		8D0F3DDC268F621B006E16EA /* Build configuration list for PBXProject "NotesApp" */ = {
			isa = XCConfigurationList;
			buildConfigurations = (
				8D0F3DF3268F6221006E16EA /* Debug */,
				8D0F3DF4268F6221006E16EA /* Release */,
			);
			defaultConfigurationIsVisible = 0;
			defaultConfigurationName = Release;
		};
		8D0F3DF5268F6221006E16EA /* Build configuration list for PBXNativeTarget "NotesApp" */ = {
			isa = XCConfigurationList;
			buildConfigurations = (
				8D0F3DF6268F6221006E16EA /* Debug */,
				8D0F3DF7268F6221006E16EA /* Release */,
			);
			defaultConfigurationIsVisible = 0;
			defaultConfigurationName = Release;
		};
/* End XCConfigurationList section */

/* Begin XCVersionGroup section */
		8D95C63826A1E65A00E191DF /* Note.xcdatamodeld */ = {
			isa = XCVersionGroup;
			children = (
				8D95C63926A1E65A00E191DF /* Notes.xcdatamodel */,
			);
			currentVersion = 8D95C63926A1E65A00E191DF /* Notes.xcdatamodel */;
			path = Note.xcdatamodeld;
			sourceTree = "<group>";
			versionGroupType = wrapper.xcdatamodel;
		};
/* End XCVersionGroup section */
	};
	rootObject = 8D0F3DD9268F621B006E16EA /* Project object */;
}
